PODS:
  - AFNetworking (3.2.1):
    - AFNetworking/NSURLSession (= 3.2.1)
    - AFNetworking/Reachability (= 3.2.1)
    - AFNetworking/Security (= 3.2.1)
    - AFNetworking/Serialization (= 3.2.1)
    - AFNetworking/UIKit (= 3.2.1)
  - AFNetworking/NSURLSession (3.2.1):
    - AFNetworking/Reachability
    - AFNetworking/Security
    - AFNetworking/Serialization
  - AFNetworking/Reachability (3.2.1)
  - AFNetworking/Security (3.2.1)
  - AFNetworking/Serialization (3.2.1)
  - AFNetworking/UIKit (3.2.1):
    - AFNetworking/NSURLSession
  - cocore (1.2.6)
  - coobjc (1.2.0):
    - cocore (~> 1.2.0)
  - GPUImage (0.1.7)
  - Masonry (1.1.0)
  - ReactiveObjC (3.1.1)
  - SDWebImage (5.6.0):
    - SDWebImage/Core (= 5.6.0)
  - SDWebImage/Core (5.6.0)
  - Toast (4.0.0)
  - ZLPhotoBrowser (3.1.2):
    - SDWebImage

DEPENDENCIES:
  - AFNetworking
  - coobjc
  - GPUImage
  - Masonry
  - ReactiveObjC
  - SDWebImage (= 5.6.0)
  - Toast
  - ZLPhotoBrowser

SPEC REPOS:
  trunk:
    - AFNetworking
    - cocore
    - coobjc
    - GPUImage
    - Masonry
    - ReactiveObjC
    - SDWebImage
    - Toast
    - ZLPhotoBrowser

SPEC CHECKSUMS:
  AFNetworking: b6f891fdfaed196b46c7a83cf209e09697b94057
  cocore: d6abaa4dd8c15115290362b9accbb42cc2bce9a0
  coobjc: 090a460e32e90d0e820e64c31cf7b79dece51a7c
  GPUImage: 733a5f0fab92df9de1c37ba9df520a833ccb406d
  Masonry: 678fab65091a9290e40e2832a55e7ab731aad201
  ReactiveObjC: 011caa393aa0383245f2dcf9bf02e86b80b36040
  SDWebImage: 21b19f56b4226cdfe3aefe4e6848dc43ed129a86
  Toast: 91b396c56ee72a5790816f40d3a94dd357abc196
  ZLPhotoBrowser: 7e88434918366af98f8ebbaf5b94206985812ed6

PODFILE CHECKSUM: a3cc91f1b5a8e087bc5bfa8e520f6b9baae2e898

COCOAPODS: 1.9.3
